
Microsoft Visual Studio Solution File, Format Version 12.00
# Visual Studio Version 17
VisualStudioVersion = 17.4.33403.182
MinimumVisualStudioVersion = 10.0.40219.1
Project("{FAE04EC0-301F-11D3-BF4B-00C04F79EFBC}") = "MATRIZ RETROSPECTIVA", "MATRIZ RETROSPECTIVA\MATRIZ RETROSPECTIVA.csproj", "{CBCFF671-7035-4E64-A91E-D615BE5BEAFC}"
EndProject
Global
	GlobalSection(SolutionConfigurationPlatforms) = preSolution
		Debug|Any CPU = Debug|Any CPU
		Release|Any CPU = Release|Any CPU
	EndGlobalSection
	GlobalSection(ProjectConfigurationPlatforms) = postSolution
		{CBCFF671-7035-4E64-A91E-D615BE5BEAFC}.Debug|Any CPU.ActiveCfg = Debug|Any CPU
		{CBCFF671-7035-4E64-A91E-D615BE5BEAFC}.Debug|Any CPU.Build.0 = Debug|Any CPU
		{CBCFF671-7035-4E64-A91E-D615BE5BEAFC}.Release|Any CPU.ActiveCfg = Release|Any CPU
		{CBCFF671-7035-4E64-A91E-D615BE5BEAFC}.Release|Any CPU.Build.0 = Release|Any CPU
	EndGlobalSection
	GlobalSection(SolutionProperties) = preSolution
		HideSolutionNode = FALSE
	EndGlobalSection
	GlobalSection(ExtensibilityGlobals) = postSolution
		SolutionGuid = {DE16B46C-9D7A-4D3C-85C3-6A50D2268063}
	EndGlobalSection
EndGlobal
